
Microsoft Visual Studio Solution File, Format Version 12.00
# Visual Studio Version 16
VisualStudioVersion = 16.0.32002.261
MinimumVisualStudioVersion = 10.0.40219.1
Project("{FAE04EC0-301F-11D3-BF4B-00C04F79EFBC}") = "KeyLogger", "KeyLogger.csproj", "{1AAA9433-D5C8-478F-9AAD-F43DB0B00FE2}"
EndProject
Global
	GlobalSection(SolutionConfigurationPlatforms) = preSolution
		Debug|Any CPU = Debug|Any CPU
		Release|Any CPU = Release|Any CPU
	EndGlobalSection
	GlobalSection(ProjectConfigurationPlatforms) = postSolution
		{1AAA9433-D5C8-478F-9AAD-F43DB0B00FE2}.Debug|Any CPU.ActiveCfg = Debug|Any CPU
		{1AAA9433-D5C8-478F-9AAD-F43DB0B00FE2}.Debug|Any CPU.Build.0 = Debug|Any CPU
		{1AAA9433-D5C8-478F-9AAD-F43DB0B00FE2}.Release|Any CPU.ActiveCfg = Release|Any CPU
		{1AAA9433-D5C8-478F-9AAD-F43DB0B00FE2}.Release|Any CPU.Build.0 = Release|Any CPU
	EndGlobalSection
	GlobalSection(SolutionProperties) = preSolution
		HideSolutionNode = FALSE
	EndGlobalSection
	GlobalSection(ExtensibilityGlobals) = postSolution
		SolutionGuid = {132B120B-0736-4558-A79C-3DD4B4D6F994}
	EndGlobalSection
EndGlobal
